
Microsoft Visual Studio Solution File, Format Version 12.00
# Visual Studio Version 16
VisualStudioVersion = 16.0.32413.511
MinimumVisualStudioVersion = 10.0.40219.1
Project("{FAE04EC0-301F-11D3-BF4B-00C04F79EFBC}") = "LearningDiaryWeb", "LearningDiaryWeb\LearningDiaryWeb.csproj", "{691BD94A-CC08-4C3E-930E-4B37692A9E1A}"
EndProject
Global
	GlobalSection(SolutionConfigurationPlatforms) = preSolution
		Debug|Any CPU = Debug|Any CPU
		Release|Any CPU = Release|Any CPU
	EndGlobalSection
	GlobalSection(ProjectConfigurationPlatforms) = postSolution
		{691BD94A-CC08-4C3E-930E-4B37692A9E1A}.Debug|Any CPU.ActiveCfg = Debug|Any CPU
		{691BD94A-CC08-4C3E-930E-4B37692A9E1A}.Debug|Any CPU.Build.0 = Debug|Any CPU
		{691BD94A-CC08-4C3E-930E-4B37692A9E1A}.Release|Any CPU.ActiveCfg = Release|Any CPU
		{691BD94A-CC08-4C3E-930E-4B37692A9E1A}.Release|Any CPU.Build.0 = Release|Any CPU
	EndGlobalSection
	GlobalSection(SolutionProperties) = preSolution
		HideSolutionNode = FALSE
	EndGlobalSection
	GlobalSection(ExtensibilityGlobals) = postSolution
		SolutionGuid = {136B988A-78FD-47E2-AA3A-494F5110F51A}
	EndGlobalSection
EndGlobal
